Microsoft Visual Studio Solution File, Format Version 12.00
# Visual Studio Version 16
VisualStudioVersion = 16.0.29920.165
MinimumVisualStudioVersion = 15.0.26124.0

Project("{D954291E-2A0B-460D-934E-DC6B0785DB48}") = "SpaceMaker.Shared", "SpaceMaker.Shared\SpaceMaker.Shared.shproj", "{6279C845-92F8-4333-AB99-3D213163593C}"
EndProject

Project("{FAE04EC0-301F-11D3-BF4B-00C04F79EFBC}") = "SpaceMaker.Droid", "SpaceMaker.Droid\SpaceMaker.Droid.csproj", "{786c0031-c9de-43cc-adc9-d763ac2ef937}"
EndProject

Project("{FAE04EC0-301F-11D3-BF4B-00C04F79EFBC}") = "SpaceMaker.iOS", "SpaceMaker.iOS\SpaceMaker.iOS.csproj", "{56a4f142-f1fb-41ca-9556-ba5e7646fa83}"
EndProject

Project("{9A19103F-16F7-4668-BE54-9A1E7A4F7556}") = "SpaceMaker.Wasm", "SpaceMaker.Wasm\SpaceMaker.Wasm.csproj", "{40EA03F7-8A22-4143-B251-79BAC3EB13D2}"
EndProject

Project("{FAE04EC0-301F-11D3-BF4B-00C04F79EFBC}") = "SpaceMaker.macOS", "SpaceMaker.macOS\SpaceMaker.macOS.csproj", "{ca1882b4-c3b5-422d-96a1-9ac436186709}"
EndProject

Project("{9A19103F-16F7-4668-BE54-9A1E7A4F7556}") = "SpaceMaker.Skia.Gtk", "SpaceMaker.Skia.Gtk\SpaceMaker.Skia.Gtk.csproj", "{A5B8155A-118F-4794-B551-C6F3CF7E5411}"
EndProject

Project("{9A19103F-16F7-4668-BE54-9A1E7A4F7556}") = "SpaceMaker.Skia.WPF", "SpaceMaker.Skia.WPF\SpaceMaker.Skia.WPF.csproj", "{0f32e029-8ff1-4f8f-9251-c77d691b3565}"
EndProject
Project("{9A19103F-16F7-4668-BE54-9A1E7A4F7556}") = "SpaceMaker.Skia.Wpf.Host", "SpaceMaker.Skia.WPF.Host\SpaceMaker.Skia.Wpf.Host.csproj", "{6CF284A4-22B1-4F05-97F4-F095C07A598E}"
EndProject

Project("{9A19103F-16F7-4668-BE54-9A1E7A4F7556}") = "SpaceMaker.Windows.Desktop", "SpaceMaker.Windows.Desktop\SpaceMaker.Windows.Desktop.csproj", "{1AA13270-F438-4864-9435-54FD806E10EA}"
EndProject
Project("{C7167F0D-BC9F-4E6E-AFE1-012C56B48DB5}") = "SpaceMaker.Windows.Package", "SpaceMaker.Windows.Package\SpaceMaker.Windows.Package.wapproj", "{4cd60635-cad8-4f0c-93ec-b6fe1ac0125a}"
EndProject

Global
	GlobalSection(SharedMSBuildProjectFiles) = preSolution
		SpaceMaker.Shared\SpaceMaker.Shared.projitems*{1aa13270-f438-4864-9435-54fd806e10ea}*SharedItemsImports = 5
		SpaceMaker.Shared\SpaceMaker.Shared.projitems*{ca1882b4-c3b5-422d-96a1-9ac436186709}*SharedItemsImports = 4
		SpaceMaker.Shared\SpaceMaker.Shared.projitems*{40ea03f7-8a22-4143-b251-79bac3eb13d2}*SharedItemsImports = 5
		SpaceMaker.Shared\SpaceMaker.Shared.projitems*{0f32e029-8ff1-4f8f-9251-c77d691b3565}*SharedItemsImports = 5
		SpaceMaker.Shared\SpaceMaker.Shared.projitems*{6279c845-92f8-4333-ab99-3d213163593c}*SharedItemsImports = 13
		SpaceMaker.Shared\SpaceMaker.Shared.projitems*{636ac3df-69e1-4ecb-be8e-61dcd9d47487}*SharedItemsImports = 4
		SpaceMaker.Shared\SpaceMaker.Shared.projitems*{56a4f142-f1fb-41ca-9556-ba5e7646fa83}*SharedItemsImports = 4
		SpaceMaker.Shared\SpaceMaker.Shared.projitems*{a5b8155a-118f-4794-b551-c6f3cf7e5411}*SharedItemsImports = 5
		SpaceMaker.Shared\SpaceMaker.Shared.projitems*{786c0031-c9de-43cc-adc9-d763ac2ef937}*SharedItemsImports = 4
	EndGlobalSection
	GlobalSection(SolutionConfigurationPlatforms) = preSolution
		Debug|Any CPU = Debug|Any CPU
		Debug|ARM = Debug|ARM
		Debug|ARM64 = Debug|ARM64
		Debug|iPhone = Debug|iPhone
		Debug|iPhoneSimulator = Debug|iPhoneSimulator
		Debug|x64 = Debug|x64
		Debug|x86 = Debug|x86
		Release|Any CPU = Release|Any CPU
		Release|ARM = Release|ARM
		Release|ARM64 = Release|ARM64
		Release|iPhone = Release|iPhone
		Release|iPhoneSimulator = Release|iPhoneSimulator
		Release|x64 = Release|x64
		Release|x86 = Release|x86
	EndGlobalSection
	GlobalSection(ProjectConfigurationPlatforms) = postSolution
		{786c0031-c9de-43cc-adc9-d763ac2ef937}.Debug|Any CPU.ActiveCfg = Debug|Any CPU
		{786c0031-c9de-43cc-adc9-d763ac2ef937}.Debug|Any CPU.Build.0 = Debug|Any CPU
		{786c0031-c9de-43cc-adc9-d763ac2ef937}.Debug|Any CPU.Deploy.0 = Debug|Any CPU
		{786c0031-c9de-43cc-adc9-d763ac2ef937}.Debug|ARM.ActiveCfg = Debug|Any CPU
		{786c0031-c9de-43cc-adc9-d763ac2ef937}.Debug|ARM.Build.0 = Debug|Any CPU
		{786c0031-c9de-43cc-adc9-d763ac2ef937}.Debug|ARM.Deploy.0 = Debug|Any CPU
		{786c0031-c9de-43cc-adc9-d763ac2ef937}.Debug|ARM64.ActiveCfg = Debug|Any CPU
		{786c0031-c9de-43cc-adc9-d763ac2ef937}.Debug|ARM64.Build.0 = Debug|Any CPU
		{786c0031-c9de-43cc-adc9-d763ac2ef937}.Debug|ARM64.Deploy.0 = Debug|Any CPU
		{786c0031-c9de-43cc-adc9-d763ac2ef937}.Debug|iPhone.ActiveCfg = Debug|Any CPU
		{786c0031-c9de-43cc-adc9-d763ac2ef937}.Debug|iPhone.Build.0 = Debug|Any CPU
		{786c0031-c9de-43cc-adc9-d763ac2ef937}.Debug|iPhone.Deploy.0 = Debug|Any CPU
		{786c0031-c9de-43cc-adc9-d763ac2ef937}.Debug|iPhoneSimulator.ActiveCfg = Debug|Any CPU
		{786c0031-c9de-43cc-adc9-d763ac2ef937}.Debug|iPhoneSimulator.Build.0 = Debug|Any CPU
		{786c0031-c9de-43cc-adc9-d763ac2ef937}.Debug|iPhoneSimulator.Deploy.0 = Debug|Any CPU
		{786c0031-c9de-43cc-adc9-d763ac2ef937}.Debug|x64.ActiveCfg = Debug|Any CPU
		{786c0031-c9de-43cc-adc9-d763ac2ef937}.Debug|x64.Build.0 = Debug|Any CPU
		{786c0031-c9de-43cc-adc9-d763ac2ef937}.Debug|x64.Deploy.0 = Debug|Any CPU
		{786c0031-c9de-43cc-adc9-d763ac2ef937}.Debug|x86.ActiveCfg = Debug|Any CPU
		{786c0031-c9de-43cc-adc9-d763ac2ef937}.Debug|x86.Build.0 = Debug|Any CPU
		{786c0031-c9de-43cc-adc9-d763ac2ef937}.Debug|x86.Deploy.0 = Debug|Any CPU

		{786c0031-c9de-43cc-adc9-d763ac2ef937}.Release|Any CPU.ActiveCfg = Release|Any CPU
		{786c0031-c9de-43cc-adc9-d763ac2ef937}.Release|Any CPU.Build.0 = Release|Any CPU
		{786c0031-c9de-43cc-adc9-d763ac2ef937}.Release|Any CPU.Deploy.0 = Release|Any CPU
		{786c0031-c9de-43cc-adc9-d763ac2ef937}.Release|ARM.ActiveCfg = Release|Any CPU
		{786c0031-c9de-43cc-adc9-d763ac2ef937}.Release|ARM.Build.0 = Release|Any CPU
		{786c0031-c9de-43cc-adc9-d763ac2ef937}.Release|ARM.Deploy.0 = Release|Any CPU
		{786c0031-c9de-43cc-adc9-d763ac2ef937}.Release|ARM64.ActiveCfg = Release|Any CPU
		{786c0031-c9de-43cc-adc9-d763ac2ef937}.Release|ARM64.Build.0 = Release|Any CPU
		{786c0031-c9de-43cc-adc9-d763ac2ef937}.Release|ARM64.Deploy.0 = Release|Any CPU
		{786c0031-c9de-43cc-adc9-d763ac2ef937}.Release|iPhone.ActiveCfg = Release|Any CPU
		{786c0031-c9de-43cc-adc9-d763ac2ef937}.Release|iPhone.Build.0 = Release|Any CPU
		{786c0031-c9de-43cc-adc9-d763ac2ef937}.Release|iPhone.Deploy.0 = Release|Any CPU
		{786c0031-c9de-43cc-adc9-d763ac2ef937}.Release|iPhoneSimulator.ActiveCfg = Release|Any CPU
		{786c0031-c9de-43cc-adc9-d763ac2ef937}.Release|iPhoneSimulator.Build.0 = Release|Any CPU
		{786c0031-c9de-43cc-adc9-d763ac2ef937}.Release|iPhoneSimulator.Deploy.0 = Release|Any CPU
		{786c0031-c9de-43cc-adc9-d763ac2ef937}.Release|x64.ActiveCfg = Release|Any CPU
		{786c0031-c9de-43cc-adc9-d763ac2ef937}.Release|x64.Build.0 = Release|Any CPU
		{786c0031-c9de-43cc-adc9-d763ac2ef937}.Release|x64.Deploy.0 = Release|Any CPU
		{786c0031-c9de-43cc-adc9-d763ac2ef937}.Release|x86.ActiveCfg = Release|Any CPU
		{786c0031-c9de-43cc-adc9-d763ac2ef937}.Release|x86.Build.0 = Release|Any CPU
		{786c0031-c9de-43cc-adc9-d763ac2ef937}.Release|x86.Deploy.0 = Release|Any CPU
		{56a4f142-f1fb-41ca-9556-ba5e7646fa83}.Debug|Any CPU.ActiveCfg = Debug|iPhone
		{56a4f142-f1fb-41ca-9556-ba5e7646fa83}.Debug|Any CPU.Build.0 = Debug|iPhone
		{56a4f142-f1fb-41ca-9556-ba5e7646fa83}.Debug|Any CPU.Deploy.0 = Debug|iPhone
		{56a4f142-f1fb-41ca-9556-ba5e7646fa83}.Debug|ARM.ActiveCfg = Debug|iPhone
		{56a4f142-f1fb-41ca-9556-ba5e7646fa83}.Debug|ARM64.ActiveCfg = Debug|iPhone
		{56a4f142-f1fb-41ca-9556-ba5e7646fa83}.Debug|iPhone.ActiveCfg = Debug|iPhone
		{56a4f142-f1fb-41ca-9556-ba5e7646fa83}.Debug|iPhone.Build.0 = Debug|iPhone
		{56a4f142-f1fb-41ca-9556-ba5e7646fa83}.Debug|iPhoneSimulator.ActiveCfg = Debug|iPhoneSimulator
		{56a4f142-f1fb-41ca-9556-ba5e7646fa83}.Debug|iPhoneSimulator.Build.0 = Debug|iPhoneSimulator
		{56a4f142-f1fb-41ca-9556-ba5e7646fa83}.Debug|x64.ActiveCfg = Debug|iPhone
		{56a4f142-f1fb-41ca-9556-ba5e7646fa83}.Debug|x64.Build.0 = Debug|iPhone
		{56a4f142-f1fb-41ca-9556-ba5e7646fa83}.Debug|x64.Deploy.0 = Debug|iPhone
		{56a4f142-f1fb-41ca-9556-ba5e7646fa83}.Debug|x86.ActiveCfg = Debug|iPhoneSimulator
		{56a4f142-f1fb-41ca-9556-ba5e7646fa83}.Debug|x86.Build.0 = Debug|iPhoneSimulator
		{56a4f142-f1fb-41ca-9556-ba5e7646fa83}.Debug|x86.Deploy.0 = Debug|iPhoneSimulator
		{56a4f142-f1fb-41ca-9556-ba5e7646fa83}.Release|Any CPU.ActiveCfg = Release|iPhone
		{56a4f142-f1fb-41ca-9556-ba5e7646fa83}.Release|ARM.ActiveCfg = Release|iPhone
		{56a4f142-f1fb-41ca-9556-ba5e7646fa83}.Release|ARM64.ActiveCfg = Release|iPhone
		{56a4f142-f1fb-41ca-9556-ba5e7646fa83}.Release|iPhone.ActiveCfg = Release|iPhone
		{56a4f142-f1fb-41ca-9556-ba5e7646fa83}.Release|iPhone.Build.0 = Release|iPhone
		{56a4f142-f1fb-41ca-9556-ba5e7646fa83}.Release|iPhoneSimulator.ActiveCfg = Release|iPhoneSimulator
		{56a4f142-f1fb-41ca-9556-ba5e7646fa83}.Release|iPhoneSimulator.Build.0 = Release|iPhoneSimulator
		{56a4f142-f1fb-41ca-9556-ba5e7646fa83}.Release|x64.ActiveCfg = Release|iPhoneSimulator
		{56a4f142-f1fb-41ca-9556-ba5e7646fa83}.Release|x64.Build.0 = Release|iPhoneSimulator
		{56a4f142-f1fb-41ca-9556-ba5e7646fa83}.Release|x64.Deploy.0 = Release|iPhoneSimulator
		{56a4f142-f1fb-41ca-9556-ba5e7646fa83}.Release|x86.ActiveCfg = Release|iPhoneSimulator
		{56a4f142-f1fb-41ca-9556-ba5e7646fa83}.Release|x86.Build.0 = Release|iPhoneSimulator

		{636ac3df-69e1-4ecb-be8e-61dcd9d47487}.Debug|Any CPU.ActiveCfg = Debug|x86
		{636ac3df-69e1-4ecb-be8e-61dcd9d47487}.Debug|Any CPU.Build.0 = Debug|x86
		{636ac3df-69e1-4ecb-be8e-61dcd9d47487}.Debug|Any CPU.Deploy.0 = Debug|x86
		{636ac3df-69e1-4ecb-be8e-61dcd9d47487}.Debug|ARM.ActiveCfg = Debug|ARM
		{636ac3df-69e1-4ecb-be8e-61dcd9d47487}.Debug|ARM.Build.0 = Debug|ARM
		{636ac3df-69e1-4ecb-be8e-61dcd9d47487}.Debug|ARM.Deploy.0 = Debug|ARM
		{636ac3df-69e1-4ecb-be8e-61dcd9d47487}.Debug|ARM64.ActiveCfg = Debug|ARM64
		{636ac3df-69e1-4ecb-be8e-61dcd9d47487}.Debug|ARM64.Build.0 = Debug|ARM64
		{636ac3df-69e1-4ecb-be8e-61dcd9d47487}.Debug|ARM64.Deploy.0 = Debug|ARM64
		{636ac3df-69e1-4ecb-be8e-61dcd9d47487}.Debug|iPhone.ActiveCfg = Debug|x86
		{636ac3df-69e1-4ecb-be8e-61dcd9d47487}.Debug|iPhone.Build.0 = Debug|x86
		{636ac3df-69e1-4ecb-be8e-61dcd9d47487}.Debug|iPhone.Deploy.0 = Debug|x86
		{636ac3df-69e1-4ecb-be8e-61dcd9d47487}.Debug|iPhoneSimulator.ActiveCfg = Debug|x86
		{636ac3df-69e1-4ecb-be8e-61dcd9d47487}.Debug|iPhoneSimulator.Build.0 = Debug|x86
		{636ac3df-69e1-4ecb-be8e-61dcd9d47487}.Debug|iPhoneSimulator.Deploy.0 = Debug|x86
		{636ac3df-69e1-4ecb-be8e-61dcd9d47487}.Debug|x64.ActiveCfg = Debug|x64
		{636ac3df-69e1-4ecb-be8e-61dcd9d47487}.Debug|x64.Build.0 = Debug|x64
		{636ac3df-69e1-4ecb-be8e-61dcd9d47487}.Debug|x64.Deploy.0 = Debug|x64
		{636ac3df-69e1-4ecb-be8e-61dcd9d47487}.Debug|x86.ActiveCfg = Debug|x86
		{636ac3df-69e1-4ecb-be8e-61dcd9d47487}.Debug|x86.Build.0 = Debug|x86
		{636ac3df-69e1-4ecb-be8e-61dcd9d47487}.Debug|x86.Deploy.0 = Debug|x86
		{636ac3df-69e1-4ecb-be8e-61dcd9d47487}.Release|Any CPU.ActiveCfg = Release|x86
		{636ac3df-69e1-4ecb-be8e-61dcd9d47487}.Release|ARM.ActiveCfg = Release|ARM
		{636ac3df-69e1-4ecb-be8e-61dcd9d47487}.Release|ARM.Build.0 = Release|ARM
		{636ac3df-69e1-4ecb-be8e-61dcd9d47487}.Release|ARM.Deploy.0 = Release|ARM
		{636ac3df-69e1-4ecb-be8e-61dcd9d47487}.Release|ARM64.ActiveCfg = Release|ARM64
		{636ac3df-69e1-4ecb-be8e-61dcd9d47487}.Release|ARM64.Build.0 = Release|ARM64
		{636ac3df-69e1-4ecb-be8e-61dcd9d47487}.Release|ARM64.Deploy.0 = Release|ARM64
		{636ac3df-69e1-4ecb-be8e-61dcd9d47487}.Release|iPhone.ActiveCfg = Release|x86
		{636ac3df-69e1-4ecb-be8e-61dcd9d47487}.Release|iPhone.Build.0 = Release|x86
		{636ac3df-69e1-4ecb-be8e-61dcd9d47487}.Release|iPhoneSimulator.ActiveCfg = Release|x86
		{636ac3df-69e1-4ecb-be8e-61dcd9d47487}.Release|iPhoneSimulator.Build.0 = Release|x86
		{636ac3df-69e1-4ecb-be8e-61dcd9d47487}.Release|iPhoneSimulator.Deploy.0 = Release|x86
		{636ac3df-69e1-4ecb-be8e-61dcd9d47487}.Release|x64.ActiveCfg = Release|x64
		{636ac3df-69e1-4ecb-be8e-61dcd9d47487}.Release|x64.Build.0 = Release|x64
		{636ac3df-69e1-4ecb-be8e-61dcd9d47487}.Release|x64.Deploy.0 = Release|x64
		{636ac3df-69e1-4ecb-be8e-61dcd9d47487}.Release|x86.ActiveCfg = Release|x86
		{636ac3df-69e1-4ecb-be8e-61dcd9d47487}.Release|x86.Build.0 = Release|x86
		{636ac3df-69e1-4ecb-be8e-61dcd9d47487}.Release|x86.Deploy.0 = Release|x86

		{0f32e029-8ff1-4f8f-9251-c77d691b3565}.Debug|Any CPU.ActiveCfg = Debug|Any CPU
		{0f32e029-8ff1-4f8f-9251-c77d691b3565}.Debug|Any CPU.Build.0 = Debug|Any CPU
		{0f32e029-8ff1-4f8f-9251-c77d691b3565}.Debug|Any CPU.Deploy.0 = Debug|Any CPU
		{0f32e029-8ff1-4f8f-9251-c77d691b3565}.Debug|ARM.ActiveCfg = Debug|Any CPU
		{0f32e029-8ff1-4f8f-9251-c77d691b3565}.Debug|ARM.Build.0 = Debug|Any CPU
		{0f32e029-8ff1-4f8f-9251-c77d691b3565}.Debug|ARM.Deploy.0 = Debug|Any CPU
		{0f32e029-8ff1-4f8f-9251-c77d691b3565}.Debug|ARM64.ActiveCfg = Debug|Any CPU
		{0f32e029-8ff1-4f8f-9251-c77d691b3565}.Debug|ARM64.Build.0 = Debug|Any CPU
		{0f32e029-8ff1-4f8f-9251-c77d691b3565}.Debug|ARM64.Deploy.0 = Debug|Any CPU
		{0f32e029-8ff1-4f8f-9251-c77d691b3565}.Debug|iPhone.ActiveCfg = Debug|Any CPU
		{0f32e029-8ff1-4f8f-9251-c77d691b3565}.Debug|iPhone.Build.0 = Debug|Any CPU
		{0f32e029-8ff1-4f8f-9251-c77d691b3565}.Debug|iPhone.Deploy.0 = Debug|Any CPU
		{0f32e029-8ff1-4f8f-9251-c77d691b3565}.Debug|iPhoneSimulator.ActiveCfg = Debug|Any CPU
		{0f32e029-8ff1-4f8f-9251-c77d691b3565}.Debug|iPhoneSimulator.Build.0 = Debug|Any CPU
		{0f32e029-8ff1-4f8f-9251-c77d691b3565}.Debug|iPhoneSimulator.Deploy.0 = Debug|Any CPU
		{0f32e029-8ff1-4f8f-9251-c77d691b3565}.Debug|x64.ActiveCfg = Debug|Any CPU
		{0f32e029-8ff1-4f8f-9251-c77d691b3565}.Debug|x64.Build.0 = Debug|Any CPU
		{0f32e029-8ff1-4f8f-9251-c77d691b3565}.Debug|x64.Deploy.0 = Debug|Any CPU
		{0f32e029-8ff1-4f8f-9251-c77d691b3565}.Debug|x86.ActiveCfg = Debug|Any CPU
		{0f32e029-8ff1-4f8f-9251-c77d691b3565}.Debug|x86.Build.0 = Debug|Any CPU
		{0f32e029-8ff1-4f8f-9251-c77d691b3565}.Debug|x86.Deploy.0 = Debug|Any CPU
		{0f32e029-8ff1-4f8f-9251-c77d691b3565}.Release|Any CPU.ActiveCfg = Release|Any CPU
		{0f32e029-8ff1-4f8f-9251-c77d691b3565}.Release|Any CPU.Build.0 = Release|Any CPU
		{0f32e029-8ff1-4f8f-9251-c77d691b3565}.Release|ARM.ActiveCfg = Release|Any CPU
		{0f32e029-8ff1-4f8f-9251-c77d691b3565}.Release|ARM.Build.0 = Release|Any CPU
		{0f32e029-8ff1-4f8f-9251-c77d691b3565}.Release|ARM.Deploy.0 = Release|Any CPU
		{0f32e029-8ff1-4f8f-9251-c77d691b3565}.Release|ARM64.ActiveCfg = Release|Any CPU
		{0f32e029-8ff1-4f8f-9251-c77d691b3565}.Release|ARM64.Build.0 = Release|Any CPU
		{0f32e029-8ff1-4f8f-9251-c77d691b3565}.Release|ARM64.Deploy.0 = Release|Any CPU
		{0f32e029-8ff1-4f8f-9251-c77d691b3565}.Release|iPhone.ActiveCfg = Release|Any CPU
		{0f32e029-8ff1-4f8f-9251-c77d691b3565}.Release|iPhone.Build.0 = Release|Any CPU
		{0f32e029-8ff1-4f8f-9251-c77d691b3565}.Release|iPhoneSimulator.ActiveCfg = Release|Any CPU
		{0f32e029-8ff1-4f8f-9251-c77d691b3565}.Release|iPhoneSimulator.Build.0 = Release|Any CPU
		{0f32e029-8ff1-4f8f-9251-c77d691b3565}.Release|iPhoneSimulator.Deploy.0 = Release|Any CPU
		{0f32e029-8ff1-4f8f-9251-c77d691b3565}.Release|x64.ActiveCfg = Release|Any CPU
		{0f32e029-8ff1-4f8f-9251-c77d691b3565}.Release|x64.Build.0 = Release|Any CPU
		{0f32e029-8ff1-4f8f-9251-c77d691b3565}.Release|x64.Deploy.0 = Release|Any CPU
		{0f32e029-8ff1-4f8f-9251-c77d691b3565}.Release|x86.ActiveCfg = Release|Any CPU
		{0f32e029-8ff1-4f8f-9251-c77d691b3565}.Release|x86.Build.0 = Release|Any CPU
		{0f32e029-8ff1-4f8f-9251-c77d691b3565}.Release|x86.Deploy.0 = Release|Any CPU

		{A5B8155A-118F-4794-B551-C6F3CF7E5411}.Debug|Any CPU.ActiveCfg = Debug|Any CPU
		{A5B8155A-118F-4794-B551-C6F3CF7E5411}.Debug|Any CPU.Build.0 = Debug|Any CPU
		{A5B8155A-118F-4794-B551-C6F3CF7E5411}.Debug|ARM.ActiveCfg = Debug|Any CPU
		{A5B8155A-118F-4794-B551-C6F3CF7E5411}.Debug|ARM.Build.0 = Debug|Any CPU
		{A5B8155A-118F-4794-B551-C6F3CF7E5411}.Debug|ARM64.ActiveCfg = Debug|Any CPU
		{A5B8155A-118F-4794-B551-C6F3CF7E5411}.Debug|ARM64.Build.0 = Debug|Any CPU
		{A5B8155A-118F-4794-B551-C6F3CF7E5411}.Debug|iPhone.ActiveCfg = Debug|Any CPU
		{A5B8155A-118F-4794-B551-C6F3CF7E5411}.Debug|iPhone.Build.0 = Debug|Any CPU
		{A5B8155A-118F-4794-B551-C6F3CF7E5411}.Debug|iPhoneSimulator.ActiveCfg = Debug|Any CPU
		{A5B8155A-118F-4794-B551-C6F3CF7E5411}.Debug|iPhoneSimulator.Build.0 = Debug|Any CPU
		{A5B8155A-118F-4794-B551-C6F3CF7E5411}.Debug|x64.ActiveCfg = Debug|Any CPU
		{A5B8155A-118F-4794-B551-C6F3CF7E5411}.Debug|x64.Build.0 = Debug|Any CPU
		{A5B8155A-118F-4794-B551-C6F3CF7E5411}.Debug|x86.ActiveCfg = Debug|Any CPU
		{A5B8155A-118F-4794-B551-C6F3CF7E5411}.Debug|x86.Build.0 = Debug|Any CPU
		{A5B8155A-118F-4794-B551-C6F3CF7E5411}.Release|Any CPU.ActiveCfg = Release|Any CPU
		{A5B8155A-118F-4794-B551-C6F3CF7E5411}.Release|Any CPU.Build.0 = Release|Any CPU
		{A5B8155A-118F-4794-B551-C6F3CF7E5411}.Release|ARM.ActiveCfg = Release|Any CPU
		{A5B8155A-118F-4794-B551-C6F3CF7E5411}.Release|ARM.Build.0 = Release|Any CPU
		{A5B8155A-118F-4794-B551-C6F3CF7E5411}.Release|ARM64.ActiveCfg = Release|Any CPU
		{A5B8155A-118F-4794-B551-C6F3CF7E5411}.Release|ARM64.Build.0 = Release|Any CPU
		{A5B8155A-118F-4794-B551-C6F3CF7E5411}.Release|iPhone.ActiveCfg = Release|Any CPU
		{A5B8155A-118F-4794-B551-C6F3CF7E5411}.Release|iPhone.Build.0 = Release|Any CPU
		{A5B8155A-118F-4794-B551-C6F3CF7E5411}.Release|iPhoneSimulator.ActiveCfg = Release|Any CPU
		{A5B8155A-118F-4794-B551-C6F3CF7E5411}.Release|iPhoneSimulator.Build.0 = Release|Any CPU
		{A5B8155A-118F-4794-B551-C6F3CF7E5411}.Release|x64.ActiveCfg = Release|Any CPU
		{A5B8155A-118F-4794-B551-C6F3CF7E5411}.Release|x64.Build.0 = Release|Any CPU
		{A5B8155A-118F-4794-B551-C6F3CF7E5411}.Release|x86.ActiveCfg = Release|Any CPU
		{A5B8155A-118F-4794-B551-C6F3CF7E5411}.Release|x86.Build.0 = Release|Any CPU
		{6CF284A4-22B1-4F05-97F4-F095C07A598E}.Debug|Any CPU.ActiveCfg = Debug|Any CPU
		{6CF284A4-22B1-4F05-97F4-F095C07A598E}.Debug|Any CPU.Build.0 = Debug|Any CPU
		{6CF284A4-22B1-4F05-97F4-F095C07A598E}.Debug|ARM.ActiveCfg = Debug|Any CPU
		{6CF284A4-22B1-4F05-97F4-F095C07A598E}.Debug|ARM.Build.0 = Debug|Any CPU
		{6CF284A4-22B1-4F05-97F4-F095C07A598E}.Debug|ARM64.ActiveCfg = Debug|Any CPU
		{6CF284A4-22B1-4F05-97F4-F095C07A598E}.Debug|ARM64.Build.0 = Debug|Any CPU
		{6CF284A4-22B1-4F05-97F4-F095C07A598E}.Debug|iPhone.ActiveCfg = Debug|Any CPU
		{6CF284A4-22B1-4F05-97F4-F095C07A598E}.Debug|iPhone.Build.0 = Debug|Any CPU
		{6CF284A4-22B1-4F05-97F4-F095C07A598E}.Debug|iPhoneSimulator.ActiveCfg = Debug|Any CPU
		{6CF284A4-22B1-4F05-97F4-F095C07A598E}.Debug|iPhoneSimulator.Build.0 = Debug|Any CPU
		{6CF284A4-22B1-4F05-97F4-F095C07A598E}.Debug|x64.ActiveCfg = Debug|Any CPU
		{6CF284A4-22B1-4F05-97F4-F095C07A598E}.Debug|x64.Build.0 = Debug|Any CPU
		{6CF284A4-22B1-4F05-97F4-F095C07A598E}.Debug|x86.ActiveCfg = Debug|Any CPU
		{6CF284A4-22B1-4F05-97F4-F095C07A598E}.Debug|x86.Build.0 = Debug|Any CPU
		{6CF284A4-22B1-4F05-97F4-F095C07A598E}.Release|Any CPU.ActiveCfg = Release|Any CPU
		{6CF284A4-22B1-4F05-97F4-F095C07A598E}.Release|Any CPU.Build.0 = Release|Any CPU
		{6CF284A4-22B1-4F05-97F4-F095C07A598E}.Release|ARM.ActiveCfg = Release|Any CPU
		{6CF284A4-22B1-4F05-97F4-F095C07A598E}.Release|ARM.Build.0 = Release|Any CPU
		{6CF284A4-22B1-4F05-97F4-F095C07A598E}.Release|ARM64.ActiveCfg = Release|Any CPU
		{6CF284A4-22B1-4F05-97F4-F095C07A598E}.Release|ARM64.Build.0 = Release|Any CPU
		{6CF284A4-22B1-4F05-97F4-F095C07A598E}.Release|iPhone.ActiveCfg = Release|Any CPU
		{6CF284A4-22B1-4F05-97F4-F095C07A598E}.Release|iPhone.Build.0 = Release|Any CPU
		{6CF284A4-22B1-4F05-97F4-F095C07A598E}.Release|iPhoneSimulator.ActiveCfg = Release|Any CPU
		{6CF284A4-22B1-4F05-97F4-F095C07A598E}.Release|iPhoneSimulator.Build.0 = Release|Any CPU
		{6CF284A4-22B1-4F05-97F4-F095C07A598E}.Release|x64.ActiveCfg = Release|Any CPU
		{6CF284A4-22B1-4F05-97F4-F095C07A598E}.Release|x64.Build.0 = Release|Any CPU
		{6CF284A4-22B1-4F05-97F4-F095C07A598E}.Release|x86.ActiveCfg = Release|Any CPU
		{6CF284A4-22B1-4F05-97F4-F095C07A598E}.Release|x86.Build.0 = Release|Any CPU
		{1AA13270-F438-4864-9435-54FD806E10EA}.Debug|Any CPU.ActiveCfg = Debug|x86
		{1AA13270-F438-4864-9435-54FD806E10EA}.Debug|Any CPU.Build.0 = Debug|x86
		{1AA13270-F438-4864-9435-54FD806E10EA}.Debug|ARM.ActiveCfg = Debug|Any CPU
		{1AA13270-F438-4864-9435-54FD806E10EA}.Debug|ARM.Build.0 = Debug|Any CPU
		{1AA13270-F438-4864-9435-54FD806E10EA}.Debug|ARM64.ActiveCfg = Debug|x86
		{1AA13270-F438-4864-9435-54FD806E10EA}.Debug|ARM64.Build.0 = Debug|x86
		{1AA13270-F438-4864-9435-54FD806E10EA}.Debug|iPhone.ActiveCfg = Debug|Any CPU
		{1AA13270-F438-4864-9435-54FD806E10EA}.Debug|iPhone.Build.0 = Debug|Any CPU
		{1AA13270-F438-4864-9435-54FD806E10EA}.Debug|iPhoneSimulator.ActiveCfg = Debug|Any CPU
		{1AA13270-F438-4864-9435-54FD806E10EA}.Debug|iPhoneSimulator.Build.0 = Debug|Any CPU
		{1AA13270-F438-4864-9435-54FD806E10EA}.Debug|x64.ActiveCfg = Debug|x86
		{1AA13270-F438-4864-9435-54FD806E10EA}.Debug|x64.Build.0 = Debug|x86
		{1AA13270-F438-4864-9435-54FD806E10EA}.Debug|x86.ActiveCfg = Debug|x86
		{1AA13270-F438-4864-9435-54FD806E10EA}.Debug|x86.Build.0 = Debug|x86
		{1AA13270-F438-4864-9435-54FD806E10EA}.Release|Any CPU.ActiveCfg = Release|Any CPU
		{1AA13270-F438-4864-9435-54FD806E10EA}.Release|Any CPU.Build.0 = Release|Any CPU
		{1AA13270-F438-4864-9435-54FD806E10EA}.Release|ARM.ActiveCfg = Release|Any CPU
		{1AA13270-F438-4864-9435-54FD806E10EA}.Release|ARM.Build.0 = Release|Any CPU
		{1AA13270-F438-4864-9435-54FD806E10EA}.Release|ARM64.ActiveCfg = Release|x86
		{1AA13270-F438-4864-9435-54FD806E10EA}.Release|ARM64.Build.0 = Release|x86
		{1AA13270-F438-4864-9435-54FD806E10EA}.Release|iPhone.ActiveCfg = Release|Any CPU
		{1AA13270-F438-4864-9435-54FD806E10EA}.Release|iPhone.Build.0 = Release|Any CPU
		{1AA13270-F438-4864-9435-54FD806E10EA}.Release|iPhoneSimulator.ActiveCfg = Release|Any CPU
		{1AA13270-F438-4864-9435-54FD806E10EA}.Release|iPhoneSimulator.Build.0 = Release|Any CPU
		{1AA13270-F438-4864-9435-54FD806E10EA}.Release|x64.ActiveCfg = Release|x86
		{1AA13270-F438-4864-9435-54FD806E10EA}.Release|x64.Build.0 = Release|x86
		{1AA13270-F438-4864-9435-54FD806E10EA}.Release|x86.ActiveCfg = Release|x86
		{1AA13270-F438-4864-9435-54FD806E10EA}.Release|x86.Build.0 = Release|x86

		{40EA03F7-8A22-4143-B251-79BAC3EB13D2}.Debug|Any CPU.ActiveCfg = Debug|Any CPU
		{40EA03F7-8A22-4143-B251-79BAC3EB13D2}.Debug|Any CPU.Build.0 = Debug|Any CPU
		{40EA03F7-8A22-4143-B251-79BAC3EB13D2}.Debug|ARM.ActiveCfg = Debug|Any CPU
		{40EA03F7-8A22-4143-B251-79BAC3EB13D2}.Debug|ARM.Build.0 = Debug|Any CPU
		{40EA03F7-8A22-4143-B251-79BAC3EB13D2}.Debug|ARM64.ActiveCfg = Debug|Any CPU
		{40EA03F7-8A22-4143-B251-79BAC3EB13D2}.Debug|ARM64.Build.0 = Debug|Any CPU
		{40EA03F7-8A22-4143-B251-79BAC3EB13D2}.Debug|iPhone.ActiveCfg = Debug|Any CPU
		{40EA03F7-8A22-4143-B251-79BAC3EB13D2}.Debug|iPhone.Build.0 = Debug|Any CPU
		{40EA03F7-8A22-4143-B251-79BAC3EB13D2}.Debug|iPhoneSimulator.ActiveCfg = Debug|Any CPU
		{40EA03F7-8A22-4143-B251-79BAC3EB13D2}.Debug|iPhoneSimulator.Build.0 = Debug|Any CPU
		{40EA03F7-8A22-4143-B251-79BAC3EB13D2}.Debug|x64.ActiveCfg = Debug|Any CPU
		{40EA03F7-8A22-4143-B251-79BAC3EB13D2}.Debug|x64.Build.0 = Debug|Any CPU
		{40EA03F7-8A22-4143-B251-79BAC3EB13D2}.Debug|x86.ActiveCfg = Debug|Any CPU
		{40EA03F7-8A22-4143-B251-79BAC3EB13D2}.Debug|x86.Build.0 = Debug|Any CPU
		{40EA03F7-8A22-4143-B251-79BAC3EB13D2}.Release|Any CPU.ActiveCfg = Release|Any CPU
		{40EA03F7-8A22-4143-B251-79BAC3EB13D2}.Release|Any CPU.Build.0 = Release|Any CPU
		{40EA03F7-8A22-4143-B251-79BAC3EB13D2}.Release|ARM.ActiveCfg = Release|Any CPU
		{40EA03F7-8A22-4143-B251-79BAC3EB13D2}.Release|ARM.Build.0 = Release|Any CPU
		{40EA03F7-8A22-4143-B251-79BAC3EB13D2}.Release|ARM64.ActiveCfg = Release|Any CPU
		{40EA03F7-8A22-4143-B251-79BAC3EB13D2}.Release|ARM64.Build.0 = Release|Any CPU
		{40EA03F7-8A22-4143-B251-79BAC3EB13D2}.Release|iPhone.ActiveCfg = Release|Any CPU
		{40EA03F7-8A22-4143-B251-79BAC3EB13D2}.Release|iPhone.Build.0 = Release|Any CPU
		{40EA03F7-8A22-4143-B251-79BAC3EB13D2}.Release|iPhoneSimulator.ActiveCfg = Release|Any CPU
		{40EA03F7-8A22-4143-B251-79BAC3EB13D2}.Release|iPhoneSimulator.Build.0 = Release|Any CPU
		{40EA03F7-8A22-4143-B251-79BAC3EB13D2}.Release|x64.ActiveCfg = Release|Any CPU
		{40EA03F7-8A22-4143-B251-79BAC3EB13D2}.Release|x64.Build.0 = Release|Any CPU
		{40EA03F7-8A22-4143-B251-79BAC3EB13D2}.Release|x86.ActiveCfg = Release|Any CPU
		{40EA03F7-8A22-4143-B251-79BAC3EB13D2}.Release|x86.Build.0 = Release|Any CPU

		{ca1882b4-c3b5-422d-96a1-9ac436186709}.Debug|Any CPU.ActiveCfg = Debug|iPhoneSimulator
		{ca1882b4-c3b5-422d-96a1-9ac436186709}.Debug|Any CPU.Build.0 = Debug|iPhoneSimulator
		{ca1882b4-c3b5-422d-96a1-9ac436186709}.Debug|ARM.ActiveCfg = Debug|iPhoneSimulator
		{ca1882b4-c3b5-422d-96a1-9ac436186709}.Debug|ARM64.ActiveCfg = Debug|iPhoneSimulator
		{ca1882b4-c3b5-422d-96a1-9ac436186709}.Debug|iPhone.ActiveCfg = Debug|iPhoneSimulator
		{ca1882b4-c3b5-422d-96a1-9ac436186709}.Debug|iPhone.Build.0 = Debug|iPhoneSimulator
		{ca1882b4-c3b5-422d-96a1-9ac436186709}.Debug|iPhoneSimulator.ActiveCfg = Debug|iPhoneSimulator
		{ca1882b4-c3b5-422d-96a1-9ac436186709}.Debug|iPhoneSimulator.Build.0 = Debug|iPhoneSimulator
		{ca1882b4-c3b5-422d-96a1-9ac436186709}.Debug|x64.ActiveCfg = Debug|iPhoneSimulator
		{ca1882b4-c3b5-422d-96a1-9ac436186709}.Debug|x64.Build.0 = Debug|iPhoneSimulator
		{ca1882b4-c3b5-422d-96a1-9ac436186709}.Debug|x86.ActiveCfg = Debug|iPhoneSimulator
		{ca1882b4-c3b5-422d-96a1-9ac436186709}.Debug|x86.Build.0 = Debug|iPhoneSimulator
		{ca1882b4-c3b5-422d-96a1-9ac436186709}.Release|Any CPU.ActiveCfg = Release|iPhoneSimulator
		{ca1882b4-c3b5-422d-96a1-9ac436186709}.Release|ARM.ActiveCfg = Release|iPhoneSimulator
		{ca1882b4-c3b5-422d-96a1-9ac436186709}.Release|ARM64.ActiveCfg = Release|iPhoneSimulator
		{ca1882b4-c3b5-422d-96a1-9ac436186709}.Release|iPhone.ActiveCfg = Release|iPhoneSimulator
		{ca1882b4-c3b5-422d-96a1-9ac436186709}.Release|iPhone.Build.0 = Release|iPhoneSimulator
		{ca1882b4-c3b5-422d-96a1-9ac436186709}.Release|iPhoneSimulator.ActiveCfg = Release|iPhoneSimulator
		{ca1882b4-c3b5-422d-96a1-9ac436186709}.Release|iPhoneSimulator.Build.0 = Release|iPhoneSimulator
		{ca1882b4-c3b5-422d-96a1-9ac436186709}.Release|x64.ActiveCfg = Release|iPhoneSimulator
		{ca1882b4-c3b5-422d-96a1-9ac436186709}.Release|x64.Build.0 = Release|iPhoneSimulator
		{ca1882b4-c3b5-422d-96a1-9ac436186709}.Release|x86.ActiveCfg = Release|iPhoneSimulator
		{ca1882b4-c3b5-422d-96a1-9ac436186709}.Release|x86.Build.0 = Release|iPhoneSimulator

		{04D3A50A-BD96-4168-A331-3AC5E63800DE}.Debug|Any CPU.ActiveCfg = Debug|arm64
		{04D3A50A-BD96-4168-A331-3AC5E63800DE}.Debug|Any CPU.Build.0 = Debug|arm64
		{04D3A50A-BD96-4168-A331-3AC5E63800DE}.Debug|ARM.ActiveCfg = Debug|Any CPU
		{04D3A50A-BD96-4168-A331-3AC5E63800DE}.Debug|ARM.Build.0 = Debug|Any CPU
		{04D3A50A-BD96-4168-A331-3AC5E63800DE}.Debug|ARM64.ActiveCfg = Debug|arm64
		{04D3A50A-BD96-4168-A331-3AC5E63800DE}.Debug|ARM64.Build.0 = Debug|arm64
		{04D3A50A-BD96-4168-A331-3AC5E63800DE}.Debug|iPhone.ActiveCfg = Debug|Any CPU
		{04D3A50A-BD96-4168-A331-3AC5E63800DE}.Debug|iPhone.Build.0 = Debug|Any CPU
		{04D3A50A-BD96-4168-A331-3AC5E63800DE}.Debug|iPhoneSimulator.ActiveCfg = Debug|Any CPU
		{04D3A50A-BD96-4168-A331-3AC5E63800DE}.Debug|iPhoneSimulator.Build.0 = Debug|Any CPU
		{04D3A50A-BD96-4168-A331-3AC5E63800DE}.Debug|x64.ActiveCfg = Debug|x64
		{04D3A50A-BD96-4168-A331-3AC5E63800DE}.Debug|x64.Build.0 = Debug|x64
		{04D3A50A-BD96-4168-A331-3AC5E63800DE}.Debug|x86.ActiveCfg = Debug|x86
		{04D3A50A-BD96-4168-A331-3AC5E63800DE}.Debug|x86.Build.0 = Debug|x86
		{04D3A50A-BD96-4168-A331-3AC5E63800DE}.Release|Any CPU.ActiveCfg = Release|Any CPU
		{04D3A50A-BD96-4168-A331-3AC5E63800DE}.Release|Any CPU.Build.0 = Release|Any CPU
		{04D3A50A-BD96-4168-A331-3AC5E63800DE}.Release|ARM.ActiveCfg = Release|Any CPU
		{04D3A50A-BD96-4168-A331-3AC5E63800DE}.Release|ARM.Build.0 = Release|Any CPU
		{04D3A50A-BD96-4168-A331-3AC5E63800DE}.Release|ARM64.ActiveCfg = Release|arm64
		{04D3A50A-BD96-4168-A331-3AC5E63800DE}.Release|ARM64.Build.0 = Release|arm64
		{04D3A50A-BD96-4168-A331-3AC5E63800DE}.Release|iPhone.ActiveCfg = Release|Any CPU
		{04D3A50A-BD96-4168-A331-3AC5E63800DE}.Release|iPhone.Build.0 = Release|Any CPU
		{04D3A50A-BD96-4168-A331-3AC5E63800DE}.Release|iPhoneSimulator.ActiveCfg = Release|Any CPU
		{04D3A50A-BD96-4168-A331-3AC5E63800DE}.Release|iPhoneSimulator.Build.0 = Release|Any CPU
		{04D3A50A-BD96-4168-A331-3AC5E63800DE}.Release|x64.ActiveCfg = Release|x64
		{04D3A50A-BD96-4168-A331-3AC5E63800DE}.Release|x64.Build.0 = Release|x64
		{04D3A50A-BD96-4168-A331-3AC5E63800DE}.Release|x86.ActiveCfg = Release|x86
		{04D3A50A-BD96-4168-A331-3AC5E63800DE}.Release|x86.Build.0 = Release|x86

	EndGlobalSection
	GlobalSection(SolutionProperties) = preSolution
		HideSolutionNode = FALSE
	EndGlobalSection
	GlobalSection(ExtensibilityGlobals) = postSolution
		SolutionGuid = {C7433AE2-B1A0-4C1A-887E-5CAA7AAF67A6}
	EndGlobalSection
EndGlobal
